PODS:
  - AppAuth (1.5.0):
    - AppAuth/Core (= 1.5.0)
    - AppAuth/ExternalUserAgent (= 1.5.0)
  - AppAuth/Core (1.5.0)
  - AppAuth/ExternalUserAgent (1.5.0):
    - AppAuth/Core
  - FBAEMKit (14.1.0):
    - FBSDKCoreKit_Basics (= 14.1.0)
  - FBSDKCoreKit (14.1.0):
    - FBAEMKit (= 14.1.0)
    - FBSDKCoreKit_Basics (= 14.1.0)
  - FBSDKCoreKit_Basics (14.1.0)
  - FBSDKLoginKit (14.1.0):
    - FBSDKCoreKit (= 14.1.0)
  - Flutter (1.0.0)
  - flutter_line_sdk (2.3.0):
    - Flutter
    - LineSDKSwift (~> 5.3)
  - flutter_login_facebook (1.6.0):
    - FBSDKLoginKit (= 14.1.0)
    - Flutter
  - google_sign_in_ios (0.0.1):
    - Flutter
    - GoogleSignIn (~> 6.2)
  - GoogleSignIn (6.2.2):
    - AppAuth (~> 1.5)
    - GTMAppAuth (~> 1.3)
    - GTMSessionFetcher/Core (~> 1.1)
  - GTMAppAuth (1.3.0):
    - AppAuth/Core (~> 1.4)
    - GTMSessionFetcher/Core (~> 1.5)
  - GTMSessionFetcher/Core (1.7.2)
  - LineSDKSwift (5.8.2):
    - LineSDKSwift/Core (= 5.8.2)
  - LineSDKSwift/Core (5.8.2)

DEPENDENCIES:
  - Flutter (from `Flutter`)
  - flutter_line_sdk (from `.symlinks/plugins/flutter_line_sdk/ios`)
  - flutter_login_facebook (from `.symlinks/plugins/flutter_login_facebook/ios`)
  - google_sign_in_ios (from `.symlinks/plugins/google_sign_in_ios/ios`)

SPEC REPOS:
  trunk:
    - AppAuth
    - FBAEMKit
    - FBSDKCoreKit
    - FBSDKCoreKit_Basics
    - FBSDKLoginKit
    - GoogleSignIn
    - GTMAppAuth
    - GTMSessionFetcher
    - LineSDKSwift

EXTERNAL SOURCES:
  Flutter:
    :path: Flutter
  flutter_line_sdk:
    :path: ".symlinks/plugins/flutter_line_sdk/ios"
  flutter_login_facebook:
    :path: ".symlinks/plugins/flutter_login_facebook/ios"
  google_sign_in_ios:
    :path: ".symlinks/plugins/google_sign_in_ios/ios"

SPEC CHECKSUMS:
  AppAuth: 80317d99ac7ff2801a2f18ff86b48cd315ed465d
  FBAEMKit: a899515e45476027f73aef377b5cffadcd56ca3a
  FBSDKCoreKit: 24f8bc8d3b5b2a8c5c656a1329492a12e8efa792
  FBSDKCoreKit_Basics: 6e578c9bdc7aa1365dbbbde633c9ebb536bcaa98
  FBSDKLoginKit: 787de205d524c3a4b17d527916f1d066e4361660
  Flutter: 50d75fe2f02b26cc09d224853bb45737f8b3214a
  flutter_line_sdk: ffbd219457120ca500b4fba2a5fd818dee21a17a
  flutter_login_facebook: 46257cf21db57af5a3b8e938c4564e133e98a64e
  google_sign_in_ios: 4f85eb9f937450765c8573bb85fd8cd6a5af675c
  GoogleSignIn: 3c68388ac221f379676e8f1cb115df3aaf73b93f
  GTMAppAuth: 4d8f864896f3646f0c33baf38a28362f4c601e15
  GTMSessionFetcher: 5595ec75acf5be50814f81e9189490412bad82ba
  LineSDKSwift: 52bce568988f61f4a529b0ee629525a0cb85b9fe

PODFILE CHECKSUM: 7368163408c647b7eb699d0d788ba6718e18fb8d

COCOAPODS: 1.11.3
